
Microsoft Visual Studio Solution File, Format Version 12.00
# Visual Studio 15
Project("{FAE04EC0-301F-11D3-BF4B-00C04F79EFBC}") = "Assembly-CSharp-Editor", "Assembly-CSharp-Editor.csproj", "{7CFEA833-22DD-ECCE-EB6D-84072B7D8ABF}"
EndProject
Project("{FAE04EC0-301F-11D3-BF4B-00C04F79EFBC}") = "Assembly-CSharp", "Assembly-CSharp.csproj", "{761EA8F6-28A9-A03B-9718-753BBFC536D1}"
EndProject
Global
	GlobalSection(SolutionConfigurationPlatforms) = preSolution
		Debug|Any CPU = Debug|Any CPU
		Release|Any CPU = Release|Any CPU
	EndGlobalSection
	GlobalSection(ProjectConfigurationPlatforms) = postSolution
		{7CFEA833-22DD-ECCE-EB6D-84072B7D8ABF}.Debug|Any CPU.ActiveCfg = Debug|Any CPU
		{7CFEA833-22DD-ECCE-EB6D-84072B7D8ABF}.Debug|Any CPU.Build.0 = Debug|Any CPU
		{7CFEA833-22DD-ECCE-EB6D-84072B7D8ABF}.Release|Any CPU.ActiveCfg = Release|Any CPU
		{7CFEA833-22DD-ECCE-EB6D-84072B7D8ABF}.Release|Any CPU.Build.0 = Release|Any CPU
		{761EA8F6-28A9-A03B-9718-753BBFC536D1}.Debug|Any CPU.ActiveCfg = Debug|Any CPU
		{761EA8F6-28A9-A03B-9718-753BBFC536D1}.Debug|Any CPU.Build.0 = Debug|Any CPU
		{761EA8F6-28A9-A03B-9718-753BBFC536D1}.Release|Any CPU.ActiveCfg = Release|Any CPU
		{761EA8F6-28A9-A03B-9718-753BBFC536D1}.Release|Any CPU.Build.0 = Release|Any CPU
	EndGlobalSection
	GlobalSection(SolutionProperties) = preSolution
		HideSolutionNode = FALSE
	EndGlobalSection
EndGlobal
